
Microsoft Visual Studio Solution File, Format Version 12.00
# Visual Studio Version 17
VisualStudioVersion = 17.9.34728.123
MinimumVisualStudioVersion = 10.0.40219.1
Project("{9A19103F-16F7-4668-BE54-9A1E7A4F7556}") = "WireCalculationRevitPlugin", "WireCalculationRevitPlugin\WireCalculationRevitPlugin.csproj", "{1EECD03F-F4C2-4678-92E3-7CE380400617}"
EndProject
Global
	GlobalSection(SolutionConfigurationPlatforms) = preSolution
		Debug|Any CPU = Debug|Any CPU
		Release|Any CPU = Release|Any CPU
	EndGlobalSection
	GlobalSection(ProjectConfigurationPlatforms) = postSolution
		{1EECD03F-F4C2-4678-92E3-7CE380400617}.Debug|Any CPU.ActiveCfg = Debug|Any CPU
		{1EECD03F-F4C2-4678-92E3-7CE380400617}.Debug|Any CPU.Build.0 = Debug|Any CPU
		{1EECD03F-F4C2-4678-92E3-7CE380400617}.Release|Any CPU.ActiveCfg = Release|Any CPU
		{1EECD03F-F4C2-4678-92E3-7CE380400617}.Release|Any CPU.Build.0 = Release|Any CPU
	EndGlobalSection
	GlobalSection(SolutionProperties) = preSolution
		HideSolutionNode = FALSE
	EndGlobalSection
	GlobalSection(ExtensibilityGlobals) = postSolution
		SolutionGuid = {EE369024-FED1-42F8-AAD6-F345174B6478}
	EndGlobalSection
EndGlobal
